// !$*UTF8*$!
{
	archiveVersion = 1;
	classes = {
	};
	objectVersion = 50;
	objects = {

/* Begin PBXBuildFile section */
		EECBBC9424475C97008FFA05 /* AppDelegate.swift in Sources */ = {isa = PBXBuildFile; fileRef = EECBBC9324475C97008FFA05 /* AppDelegate.swift */; };
		EECBBC9624475C97008FFA05 /* art.scnassets in Resources */ = {isa = PBXBuildFile; fileRef = EECBBC9524475C97008FFA05 /* art.scnassets */; };
		EECBBC9824475C97008FFA05 /* ViewController.swift in Sources */ = {isa = PBXBuildFile; fileRef = EECBBC9724475C97008FFA05 /* ViewController.swift */; };
		EECBBC9B24475C97008FFA05 /* Main.storyboard in Resources */ = {isa = PBXBuildFile; fileRef = EECBBC9924475C97008FFA05 /* Main.storyboard */; };
		EECBBC9D24475C98008FFA05 /* Assets.xcassets in Resources */ = {isa = PBXBuildFile; fileRef = EECBBC9C24475C98008FFA05 /* Assets.xcassets */; };
		EECBBCA024475C98008FFA05 /* LaunchScreen.storyboard in Resources */ = {isa = PBXBuildFile; fileRef = EECBBC9E24475C98008FFA05 /* LaunchScreen.storyboard */; };
/* End PBXBuildFile section */

/* Begin PBXFileReference section */
		EECBBC9024475C97008FFA05 /* ARRuler.app */ = {isa = PBXFileReference; explicitFileType = wrapper.application; includeInIndex = 0; path = ARRuler.app; sourceTree = BUILT_PRODUCTS_DIR; };
		EECBBC9324475C97008FFA05 /* AppDelegate.swift */ = {isa = PBXFileReference; lastKnownFileType = sourcecode.swift; path = AppDelegate.swift; sourceTree = "<group>"; };
		EECBBC9524475C97008FFA05 /* art.scnassets */ = {isa = PBXFileReference; lastKnownFileType = wrapper.scnassets; path = art.scnassets; sourceTree = "<group>"; };
		EECBBC9724475C97008FFA05 /* ViewController.swift */ = {isa = PBXFileReference; lastKnownFileType = sourcecode.swift; path = ViewController.swift; sourceTree = "<group>"; };
		EECBBC9A24475C97008FFA05 /* Base */ = {isa = PBXFileReference; lastKnownFileType = file.storyboard; name = Base; path = Base.lproj/Main.storyboard; sourceTree = "<group>"; };
		EECBBC9C24475C98008FFA05 /* Assets.xcassets */ = {isa = PBXFileReference; lastKnownFileType = folder.assetcatalog; path = Assets.xcassets; sourceTree = "<group>"; };
		EECBBC9F24475C98008FFA05 /* Base */ = {isa = PBXFileReference; lastKnownFileType = file.storyboard; name = Base; path = Base.lproj/LaunchScreen.storyboard; sourceTree = "<group>"; };
		EECBBCA124475C98008FFA05 /* Info.plist */ = {isa = PBXFileReference; lastKnownFileType = text.plist.xml; path = Info.plist; sourceTree = "<group>"; };
/* End PBXFileReference section */

/* Begin PBXFrameworksBuildPhase section */
		EECBBC8D24475C97008FFA05 /* Frameworks */ = {
			isa = PBXFrameworksBuildPhase;
			buildActionMask = 2147483647;
			files = (
			);
			runOnlyForDeploymentPostprocessing = 0;
		};
/* End PBXFrameworksBuildPhase section */

/* Begin PBXGroup section */
		EECBBC8724475C97008FFA05 = {
			isa = PBXGroup;
			children = (
				EECBBC9224475C97008FFA05 /* ARRuler */,
				EECBBC9124475C97008FFA05 /* Products */,
			);
			sourceTree = "<group>";
		};
		EECBBC9124475C97008FFA05 /* Products */ = {
			isa = PBXGroup;
			children = (
				EECBBC9024475C97008FFA05 /* ARRuler.app */,
			);
			name = Products;
			sourceTree = "<group>";
		};
		EECBBC9224475C97008FFA05 /* ARRuler */ = {
			isa = PBXGroup;
			children = (
				EECBBC9324475C97008FFA05 /* AppDelegate.swift */,
				EECBBC9524475C97008FFA05 /* art.scnassets */,
				EECBBC9724475C97008FFA05 /* ViewController.swift */,
				EECBBC9924475C97008FFA05 /* Main.storyboard */,
				EECBBC9C24475C98008FFA05 /* Assets.xcassets */,
				EECBBC9E24475C98008FFA05 /* LaunchScreen.storyboard */,
				EECBBCA124475C98008FFA05 /* Info.plist */,
			);
			path = ARRuler;
			sourceTree = "<group>";
		};
/* End PBXGroup section */

/* Begin PBXNativeTarget section */
		EECBBC8F24475C97008FFA05 /* ARRuler */ = {
			isa = PBXNativeTarget;
			buildConfigurationList = EECBBCA424475C98008FFA05 /* Build configuration list for PBXNativeTarget "ARRuler" */;
			buildPhases = (
				EECBBC8C24475C97008FFA05 /* Sources */,
				EECBBC8D24475C97008FFA05 /* Frameworks */,
				EECBBC8E24475C97008FFA05 /* Resources */,
			);
			buildRules = (
			);
			dependencies = (
			);
			name = ARRuler;
			productName = ARRuler;
			productReference = EECBBC9024475C97008FFA05 /* ARRuler.app */;
			productType = "com.apple.product-type.application";
		};
/* End PBXNativeTarget section */

/* Begin PBXProject section */
		EECBBC8824475C97008FFA05 /* Project object */ = {
			isa = PBXProject;
			attributes = {
				LastSwiftUpdateCheck = 1130;
				LastUpgradeCheck = 1130;
				ORGANIZATIONNAME = "Roberto Liccardo";
				TargetAttributes = {
					EECBBC8F24475C97008FFA05 = {
						CreatedOnToolsVersion = 11.3.1;
					};
				};
			};
			buildConfigurationList = EECBBC8B24475C97008FFA05 /* Build configuration list for PBXProject "ARRuler" */;
			compatibilityVersion = "Xcode 9.3";
			developmentRegion = en;
			hasScannedForEncodings = 0;
			knownRegions = (
				en,
				Base,
			);
			mainGroup = EECBBC8724475C97008FFA05;
			productRefGroup = EECBBC9124475C97008FFA05 /* Products */;
			projectDirPath = "";
			projectRoot = "";
			targets = (
				EECBBC8F24475C97008FFA05 /* ARRuler */,
			);
		};
/* End PBXProject section */

/* Begin PBXResourcesBuildPhase section */
		EECBBC8E24475C97008FFA05 /* Resources */ = {
			isa = PBXResourcesBuildPhase;
			buildActionMask = 2147483647;
			files = (
				EECBBC9624475C97008FFA05 /* art.scnassets in Resources */,
				EECBBCA024475C98008FFA05 /* LaunchScreen.storyboard in Resources */,
				EECBBC9D24475C98008FFA05 /* Assets.xcassets in Resources */,
				EECBBC9B24475C97008FFA05 /* Main.storyboard in Resources */,
			);
			runOnlyForDeploymentPostprocessing = 0;
		};
/* End PBXResourcesBuildPhase section */

/* Begin PBXSourcesBuildPhase section */
		EECBBC8C24475C97008FFA05 /* Sources */ = {
			isa = PBXSourcesBuildPhase;
			buildActionMask = 2147483647;
			files = (
				EECBBC9824475C97008FFA05 /* ViewController.swift in Sources */,
				EECBBC9424475C97008FFA05 /* AppDelegate.swift in Sources */,
			);
			runOnlyForDeploymentPostprocessing = 0;
		};
/* End PBXSourcesBuildPhase section */

/* Begin PBXVariantGroup section */
		EECBBC9924475C97008FFA05 /* Main.storyboard */ = {
			isa = PBXVariantGroup;
			children = (
				EECBBC9A24475C97008FFA05 /* Base */,
			);
			name = Main.storyboard;
			sourceTree = "<group>";
		};
		EECBBC9E24475C98008FFA05 /* LaunchScreen.storyboard */ = {
			isa = PBXVariantGroup;
			children = (
				EECBBC9F24475C98008FFA05 /* Base */,
			);
			name = LaunchScreen.storyboard;
			sourceTree = "<group>";
		};
/* End PBXVariantGroup section */

/* Begin XCBuildConfiguration section */
		EECBBCA224475C98008FFA05 /* Debug */ = {
			isa = XCBuildConfiguration;
			buildSettings = {
				ALWAYS_SEARCH_USER_PATHS = NO;
				CLANG_ANALYZER_NONNULL = YES;
				CLANG_ANALYZER_NUMBER_OBJECT_CONVERSION = YES_AGGRESSIVE;
				CLANG_CXX_LANGUAGE_STANDARD = "gnu++14";
				CLANG_CXX_LIBRARY = "libc++";
				CLANG_ENABLE_MODULES = YES;
				CLANG_ENABLE_OBJC_ARC = YES;
				CLANG_ENABLE_OBJC_WEAK = YES;
				CLANG_WARN_BLOCK_CAPTURE_AUTORELEASING = YES;
				CLANG_WARN_BOOL_CONVERSION = YES;
				CLANG_WARN_COMMA = YES;
				CLANG_WARN_CONSTANT_CONVERSION = YES;
				CLANG_WARN_DEPRECATED_OBJC_IMPLEMENTATIONS = YES;
				CLANG_WARN_DIRECT_OBJC_ISA_USAGE = YES_ERROR;
				CLANG_WARN_DOCUMENTATION_COMMENTS = YES;
				CLANG_WARN_EMPTY_BODY = YES;
				CLANG_WARN_ENUM_CONVERSION = YES;
				CLANG_WARN_INFINITE_RECURSION = YES;
				CLANG_WARN_INT_CONVERSION = YES;
				CLANG_WARN_NON_LITERAL_NULL_CONVERSION = YES;
				CLANG_WARN_OBJC_IMPLICIT_RETAIN_SELF = YES;
				CLANG_WARN_OBJC_LITERAL_CONVERSION = YES;
				CLANG_WARN_OBJC_ROOT_CLASS = YES_ERROR;
				CLANG_WARN_RANGE_LOOP_ANALYSIS = YES;
				CLANG_WARN_STRICT_PROTOTYPES = YES;
				CLANG_WARN_SUSPICIOUS_MOVE = YES;
				CLANG_WARN_UNGUARDED_AVAILABILITY = YES_AGGRESSIVE;
				CLANG_WARN_UNREACHABLE_CODE = YES;
				CLANG_WARN__DUPLICATE_METHOD_MATCH = YES;
				COPY_PHASE_STRIP = NO;
				DEBUG_INFORMATION_FORMAT = dwarf;
				ENABLE_STRICT_OBJC_MSGSEND = YES;
				ENABLE_TESTABILITY = YES;
				GCC_C_LANGUAGE_STANDARD = gnu11;
				GCC_DYNAMIC_NO_PIC = NO;
				GCC_NO_COMMON_BLOCKS = YES;
				GCC_OPTIMIZATION_LEVEL = 0;
				GCC_PREPROCESSOR_DEFINITIONS = (
					"DEBUG=1",
					"$(inherited)",
				);
				GCC_WARN_64_TO_32_BIT_CONVERSION = YES;
				GCC_WARN_ABOUT_RETURN_TYPE = YES_ERROR;
				GCC_WARN_UNDECLARED_SELECTOR = YES;
				GCC_WARN_UNINITIALIZED_AUTOS = YES_AGGRESSIVE;
				GCC_WARN_UNUSED_FUNCTION = YES;
				GCC_WARN_UNUSED_VARIABLE = YES;
				IPHONEOS_DEPLOYMENT_TARGET = 13.2;
				MTL_ENABLE_DEBUG_INFO = INCLUDE_SOURCE;
				MTL_FAST_MATH = YES;
				ONLY_ACTIVE_ARCH = YES;
				SDKROOT = iphoneos;
				SWIFT_ACTIVE_COMPILATION_CONDITIONS = DEBUG;
				SWIFT_OPTIMIZATION_LEVEL = "-Onone";
			};
			name = Debug;
		};
		EECBBCA324475C98008FFA05 /* Release */ = {
			isa = XCBuildConfiguration;
			buildSettings = {
				ALWAYS_SEARCH_USER_PATHS = NO;
				CLANG_ANALYZER_NONNULL = YES;
				CLANG_ANALYZER_NUMBER_OBJECT_CONVERSION = YES_AGGRESSIVE;
				CLANG_CXX_LANGUAGE_STANDARD = "gnu++14";
				CLANG_CXX_LIBRARY = "libc++";
				CLANG_ENABLE_MODULES = YES;
				CLANG_ENABLE_OBJC_ARC = YES;
				CLANG_ENABLE_OBJC_WEAK = YES;
				CLANG_WARN_BLOCK_CAPTURE_AUTORELEASING = YES;
				CLANG_WARN_BOOL_CONVERSION = YES;
				CLANG_WARN_COMMA = YES;
				CLANG_WARN_CONSTANT_CONVERSION = YES;
				CLANG_WARN_DEPRECATED_OBJC_IMPLEMENTATIONS = YES;
				CLANG_WARN_DIRECT_OBJC_ISA_USAGE = YES_ERROR;
				CLANG_WARN_DOCUMENTATION_COMMENTS = YES;
				CLANG_WARN_EMPTY_BODY = YES;
				CLANG_WARN_ENUM_CONVERSION = YES;
				CLANG_WARN_INFINITE_RECURSION = YES;
				CLANG_WARN_INT_CONVERSION = YES;
				CLANG_WARN_NON_LITERAL_NULL_CONVERSION = YES;
				CLANG_WARN_OBJC_IMPLICIT_RETAIN_SELF = YES;
				CLANG_WARN_OBJC_LITERAL_CONVERSION = YES;
				CLANG_WARN_OBJC_ROOT_CLASS = YES_ERROR;
				CLANG_WARN_RANGE_LOOP_ANALYSIS = YES;
				CLANG_WARN_STRICT_PROTOTYPES = YES;
				CLANG_WARN_SUSPICIOUS_MOVE = YES;
				CLANG_WARN_UNGUARDED_AVAILABILITY = YES_AGGRESSIVE;
				CLANG_WARN_UNREACHABLE_CODE = YES;
				CLANG_WARN__DUPLICATE_METHOD_MATCH = YES;
				COPY_PHASE_STRIP = NO;
				DEBUG_INFORMATION_FORMAT = "dwarf-with-dsym";
				ENABLE_NS_ASSERTIONS = NO;
				ENABLE_STRICT_OBJC_MSGSEND = YES;
				GCC_C_LANGUAGE_STANDARD = gnu11;
				GCC_NO_COMMON_BLOCKS = YES;
				GCC_WARN_64_TO_32_BIT_CONVERSION = YES;
				GCC_WARN_ABOUT_RETURN_TYPE = YES_ERROR;
				GCC_WARN_UNDECLARED_SELECTOR = YES;
				GCC_WARN_UNINITIALIZED_AUTOS = YES_AGGRESSIVE;
				GCC_WARN_UNUSED_FUNCTION = YES;
				GCC_WARN_UNUSED_VARIABLE = YES;
				IPHONEOS_DEPLOYMENT_TARGET = 13.2;
				MTL_ENABLE_DEBUG_INFO = NO;
				MTL_FAST_MATH = YES;
				SDKROOT = iphoneos;
				SWIFT_COMPILATION_MODE = wholemodule;
				SWIFT_OPTIMIZATION_LEVEL = "-O";
				VALIDATE_PRODUCT = YES;
			};
			name = Release;
		};
		EECBBCA524475C98008FFA05 /* Debug */ = {
			isa = XCBuildConfiguration;
			buildSettings = {
				ASSETCATALOG_COMPILER_APPICON_NAME = AppIcon;
				CODE_SIGN_STYLE = Automatic;
				DEVELOPMENT_TEAM = JY68QCXDV6;
				INFOPLIST_FILE = ARRuler/Info.plist;
				LD_RUNPATH_SEARCH_PATHS = (
					"$(inherited)",
					"@executable_path/Frameworks",
				);
				PRODUCT_BUNDLE_IDENTIFIER = com.robertoliccardo.ARRuler;
				PRODUCT_NAME = "$(TARGET_NAME)";
				SWIFT_VERSION = 5.0;
				TARGETED_DEVICE_FAMILY = "1,2";
			};
			name = Debug;
		};
		EECBBCA624475C98008FFA05 /* Release */ = {
			isa = XCBuildConfiguration;
			buildSettings = {
				ASSETCATALOG_COMPILER_APPICON_NAME = AppIcon;
				CODE_SIGN_STYLE = Automatic;
				DEVELOPMENT_TEAM = JY68QCXDV6;
				INFOPLIST_FILE = ARRuler/Info.plist;
				LD_RUNPATH_SEARCH_PATHS = (
					"$(inherited)",
					"@executable_path/Frameworks",
				);
				PRODUCT_BUNDLE_IDENTIFIER = com.robertoliccardo.ARRuler;
				PRODUCT_NAME = "$(TARGET_NAME)";
				SWIFT_VERSION = 5.0;
				TARGETED_DEVICE_FAMILY = "1,2";
			};
			name = Release;
		};
/* End XCBuildConfiguration section */

/* Begin XCConfigurationList section */
		EECBBC8B24475C97008FFA05 /* Build configuration list for PBXProject "ARRuler" */ = {
			isa = XCConfigurationList;
			buildConfigurations = (
				EECBBCA224475C98008FFA05 /* Debug */,
				EECBBCA324475C98008FFA05 /* Release */,
			);
			defaultConfigurationIsVisible = 0;
			defaultConfigurationName = Release;
		};
		EECBBCA424475C98008FFA05 /* Build configuration list for PBXNativeTarget "ARRuler" */ = {
			isa = XCConfigurationList;
			buildConfigurations = (
				EECBBCA524475C98008FFA05 /* Debug */,
				EECBBCA624475C98008FFA05 /* Release */,
			);
			defaultConfigurationIsVisible = 0;
			defaultConfigurationName = Release;
		};
/* End XCConfigurationList section */
	};
	rootObject = EECBBC8824475C97008FFA05 /* Project object */;
}
